# Generated by pub
# See https://dart.dev/tools/pub/glossary#lockfile
packages:
  collection:
    dependency: transitive
    description:
      name: collection
      url: "https://pub.dartlang.org"
    source: hosted
    version: "1.15.0"
  freezed_annotation:
    dependency: transitive
    description:
      name: freezed_annotation
      url: "https://pub.dartlang.org"
    source: hosted
    version: "0.14.3"
  json_annotation:
    dependency: transitive
    description:
      name: json_annotation
      url: "https://pub.dartlang.org"
    source: hosted
    version: "4.3.0"
  lint:
    dependency: "direct dev"
    description:
      name: lint
      url: "https://pub.dartlang.org"
    source: hosted
    version: "1.7.2"
  meta:
    dependency: transitive
    description:
      name: meta
      url: "https://pub.dartlang.org"
    source: hosted
    version: "1.7.0"
  path:
    dependency: "direct main"
    description:
      name: path
      url: "https://pub.dartlang.org"
    source: hosted
    version: "1.8.0"
  riverpod:
    dependency: "direct main"
    description:
      name: riverpod
      url: "https://pub.dartlang.org"
    source: hosted
    version: "0.14.0+3"
  state_notifier:
    dependency: transitive
    description:
      name: state_notifier
      url: "https://pub.dartlang.org"
    source: hosted
    version: "0.7.1"
sdks:
  dart: ">=2.14.3 <3.0.0"
